// !$*UTF8*$!
{
	archiveVersion = 1;
	classes = {
	};
	objectVersion = 46;
	objects = {

/* Begin PBXBuildFile section */
		53E731F11E859ACF00015340 /* AppDelegate.m in Sources */ = {isa = PBXBuildFile; fileRef = 53E731EB1E859ACF00015340 /* AppDelegate.m */; };
		53E731F21E859ACF00015340 /* DropDownButton.m in Sources */ = {isa = PBXBuildFile; fileRef = 53E731ED1E859ACF00015340 /* DropDownButton.m */; };
		53E731F31E859ACF00015340 /* main.m in Sources */ = {isa = PBXBuildFile; fileRef = 53E731EE1E859ACF00015340 /* main.m */; };
		53E731F41E859ACF00015340 /* MyWindowController.m in Sources */ = {isa = PBXBuildFile; fileRef = 53E731F01E859ACF00015340 /* MyWindowController.m */; };
		53E731FE1E859AF100015340 /* Credits.rtf in Resources */ = {isa = PBXBuildFile; fileRef = 53E731F61E859AF100015340 /* Credits.rtf */; };
		53E731FF1E859AF100015340 /* InfoPlist.strings in Resources */ = {isa = PBXBuildFile; fileRef = 53E731F81E859AF100015340 /* InfoPlist.strings */; };
		53E732001E859AF100015340 /* MainMenu.xib in Resources */ = {isa = PBXBuildFile; fileRef = 53E731FA1E859AF100015340 /* MainMenu.xib */; };
		53E732011E859AF100015340 /* TestWindow.xib in Resources */ = {isa = PBXBuildFile; fileRef = 53E731FC1E859AF100015340 /* TestWindow.xib */; };
		53E732031E859B0000015340 /* Images.xcassets in Resources */ = {isa = PBXBuildFile; fileRef = 53E732021E859B0000015340 /* Images.xcassets */; };
/* End PBXBuildFile section */

/* Begin PBXFileReference section */
		5384D2B81FABB77C00B8F8BF /* Base */ = {isa = PBXFileReference; lastKnownFileType = file.xib; name = Base; path = ButtonMadness/Base.lproj/MainMenu.xib; sourceTree = "<group>"; };
		5384D2B91FABB77C00B8F8BF /* Base */ = {isa = PBXFileReference; lastKnownFileType = file.xib; name = Base; path = ButtonMadness/Base.lproj/TestWindow.xib; sourceTree = "<group>"; };
		53E731E81E85990D00015340 /* ReadMe.md */ = {isa = PBXFileReference; fileEncoding = 4; lastKnownFileType = net.daringfireball.markdown; path = ReadMe.md; sourceTree = "<group>"; };
		53E731EA1E859ACF00015340 /* AppDelegate.h */ = {isa = PBXFileReference; fileEncoding = 4; lastKnownFileType = sourcecode.c.h; name = AppDelegate.h; path = ButtonMadness/AppDelegate.h; sourceTree = "<group>"; };
		53E731EB1E859ACF00015340 /* AppDelegate.m */ = {isa = PBXFileReference; fileEncoding = 4; lastKnownFileType = sourcecode.c.objc; name = AppDelegate.m; path = ButtonMadness/AppDelegate.m; sourceTree = "<group>"; };
		53E731EC1E859ACF00015340 /* DropDownButton.h */ = {isa = PBXFileReference; fileEncoding = 4; lastKnownFileType = sourcecode.c.h; name = DropDownButton.h; path = ButtonMadness/DropDownButton.h; sourceTree = "<group>"; };
		53E731ED1E859ACF00015340 /* DropDownButton.m */ = {isa = PBXFileReference; fileEncoding = 4; lastKnownFileType = sourcecode.c.objc; name = DropDownButton.m; path = ButtonMadness/DropDownButton.m; sourceTree = "<group>"; };
		53E731EE1E859ACF00015340 /* main.m */ = {isa = PBXFileReference; fileEncoding = 4; lastKnownFileType = sourcecode.c.objc; name = main.m; path = ButtonMadness/main.m; sourceTree = "<group>"; };
		53E731EF1E859ACF00015340 /* MyWindowController.h */ = {isa = PBXFileReference; fileEncoding = 4; lastKnownFileType = sourcecode.c.h; name = MyWindowController.h; path = ButtonMadness/MyWindowController.h; sourceTree = "<group>"; };
		53E731F01E859ACF00015340 /* MyWindowController.m */ = {isa = PBXFileReference; fileEncoding = 4; lastKnownFileType = sourcecode.c.objc; name = MyWindowController.m; path = ButtonMadness/MyWindowController.m; sourceTree = "<group>"; };
		53E731F51E859ADC00015340 /* Info.plist */ = {isa = PBXFileReference; lastKnownFileType = text.plist.xml; name = Info.plist; path = ButtonMadness/Info.plist; sourceTree = "<group>"; };
		53E731F71E859AF100015340 /* en */ = {isa = PBXFileReference; lastKnownFileType = text.rtf; name = en; path = ButtonMadness/en.lproj/Credits.rtf; sourceTree = "<group>"; };
		53E731F91E859AF100015340 /* en */ = {isa = PBXFileReference; fileEncoding = 10; lastKnownFileType = text.plist.strings; name = en; path = ButtonMadness/en.lproj/InfoPlist.strings; sourceTree = "<group>"; };
		53E732021E859B0000015340 /* Images.xcassets */ = {isa = PBXFileReference; lastKnownFileType = folder.assetcatalog; name = Images.xcassets; path = ButtonMadness/Images.xcassets; sourceTree = "<group>"; };
		8D1107320486CEB800E47090 /* ButtonMadness.app */ = {isa = PBXFileReference; explicitFileType = wrapper.application; includeInIndex = 0; path = ButtonMadness.app; sourceTree = BUILT_PRODUCTS_DIR; };
/* End PBXFileReference section */

/* Begin PBXFrameworksBuildPhase section */
		8D11072E0486CEB800E47090 /* Frameworks */ = {
			isa = PBXFrameworksBuildPhase;
			buildActionMask = 2147483647;
			files = (
			);
			runOnlyForDeploymentPostprocessing = 0;
		};
/* End PBXFrameworksBuildPhase section */

/* Begin PBXGroup section */
		19C28FACFE9D520D11CA2CBB /* Products */ = {
			isa = PBXGroup;
			children = (
				8D1107320486CEB800E47090 /* ButtonMadness.app */,
			);
			name = Products;
			sourceTree = "<group>";
		};
		29B97314FDCFA39411CA2CEA /* TrackIt */ = {
			isa = PBXGroup;
			children = (
				53E731E81E85990D00015340 /* ReadMe.md */,
				29B97315FDCFA39411CA2CEA /* Sources */,
				29B97317FDCFA39411CA2CEA /* Resources */,
				19C28FACFE9D520D11CA2CBB /* Products */,
			);
			name = TrackIt;
			sourceTree = "<group>";
		};
		29B97315FDCFA39411CA2CEA /* Sources */ = {
			isa = PBXGroup;
			children = (
				53E731EE1E859ACF00015340 /* main.m */,
				53E731EA1E859ACF00015340 /* AppDelegate.h */,
				53E731EB1E859ACF00015340 /* AppDelegate.m */,
				53E731EC1E859ACF00015340 /* DropDownButton.h */,
				53E731ED1E859ACF00015340 /* DropDownButton.m */,
				53E731EF1E859ACF00015340 /* MyWindowController.h */,
				53E731F01E859ACF00015340 /* MyWindowController.m */,
			);
			name = Sources;
			sourceTree = "<group>";
		};
		29B97317FDCFA39411CA2CEA /* Resources */ = {
			isa = PBXGroup;
			children = (
				53E731F51E859ADC00015340 /* Info.plist */,
				53E732021E859B0000015340 /* Images.xcassets */,
				53E731F61E859AF100015340 /* Credits.rtf */,
				53E731F81E859AF100015340 /* InfoPlist.strings */,
				53E731FA1E859AF100015340 /* MainMenu.xib */,
				53E731FC1E859AF100015340 /* TestWindow.xib */,
			);
			name = Resources;
			sourceTree = "<group>";
		};
/* End PBXGroup section */

/* Begin PBXNativeTarget section */
		8D1107260486CEB800E47090 /* ButtonMadness */ = {
			isa = PBXNativeTarget;
			buildConfigurationList = C01FCF4A08A954540054247B /* Build configuration list for PBXNativeTarget "ButtonMadness" */;
			buildPhases = (
				8D1107290486CEB800E47090 /* Resources */,
				8D11072C0486CEB800E47090 /* Sources */,
				8D11072E0486CEB800E47090 /* Frameworks */,
			);
			buildRules = (
			);
			dependencies = (
			);
			name = ButtonMadness;
			productInstallPath = "$(HOME)/Applications";
			productName = TrackIt;
			productReference = 8D1107320486CEB800E47090 /* ButtonMadness.app */;
			productType = "com.apple.product-type.application";
		};
/* End PBXNativeTarget section */

/* Begin PBXProject section */
		29B97313FDCFA39411CA2CEA /* Project object */ = {
			isa = PBXProject;
			attributes = {
				LastUpgradeCheck = 0900;
			};
			buildConfigurationList = C01FCF4E08A954540054247B /* Build configuration list for PBXProject "ButtonMadness" */;
			compatibilityVersion = "Xcode 3.2";
			developmentRegion = English;
			hasScannedForEncodings = 1;
			knownRegions = (
				English,
				Japanese,
				French,
				German,
				en,
				Base,
			);
			mainGroup = 29B97314FDCFA39411CA2CEA /* TrackIt */;
			projectDirPath = "";
			projectRoot = "";
			targets = (
				8D1107260486CEB800E47090 /* ButtonMadness */,
			);
		};
/* End PBXProject section */

/* Begin PBXResourcesBuildPhase section */
		8D1107290486CEB800E47090 /* Resources */ = {
			isa = PBXResourcesBuildPhase;
			buildActionMask = 2147483647;
			files = (
				53E731FE1E859AF100015340 /* Credits.rtf in Resources */,
				53E732031E859B0000015340 /* Images.xcassets in Resources */,
				53E731FF1E859AF100015340 /* InfoPlist.strings in Resources */,
				53E732001E859AF100015340 /* MainMenu.xib in Resources */,
				53E732011E859AF100015340 /* TestWindow.xib in Resources */,
			);
			runOnlyForDeploymentPostprocessing = 0;
		};
/* End PBXResourcesBuildPhase section */

/* Begin PBXSourcesBuildPhase section */
		8D11072C0486CEB800E47090 /* Sources */ = {
			isa = PBXSourcesBuildPhase;
			buildActionMask = 2147483647;
			files = (
				53E731F21E859ACF00015340 /* DropDownButton.m in Sources */,
				53E731F41E859ACF00015340 /* MyWindowController.m in Sources */,
				53E731F31E859ACF00015340 /* main.m in Sources */,
				53E731F11E859ACF00015340 /* AppDelegate.m in Sources */,
			);
			runOnlyForDeploymentPostprocessing = 0;
		};
/* End PBXSourcesBuildPhase section */

/* Begin PBXVariantGroup section */
		53E731F61E859AF100015340 /* Credits.rtf */ = {
			isa = PBXVariantGroup;
			children = (
				53E731F71E859AF100015340 /* en */,
			);
			name = Credits.rtf;
			sourceTree = "<group>";
		};
		53E731F81E859AF100015340 /* InfoPlist.strings */ = {
			isa = PBXVariantGroup;
			children = (
				53E731F91E859AF100015340 /* en */,
			);
			name = InfoPlist.strings;
			sourceTree = "<group>";
		};
		53E731FA1E859AF100015340 /* MainMenu.xib */ = {
			isa = PBXVariantGroup;
			children = (
				5384D2B81FABB77C00B8F8BF /* Base */,
			);
			name = MainMenu.xib;
			sourceTree = "<group>";
		};
		53E731FC1E859AF100015340 /* TestWindow.xib */ = {
			isa = PBXVariantGroup;
			children = (
				5384D2B91FABB77C00B8F8BF /* Base */,
			);
			name = TestWindow.xib;
			sourceTree = "<group>";
		};
/* End PBXVariantGroup section */

/* Begin XCBuildConfiguration section */
		C01FCF4B08A954540054247B /* Debug */ = {
			isa = XCBuildConfiguration;
			buildSettings = {
				ASSETCATALOG_COMPILER_APPICON_NAME = AppIcon;
				CLANG_ENABLE_OBJC_ARC = YES;
				COPY_PHASE_STRIP = NO;
				DEBUG_INFORMATION_FORMAT = "dwarf-with-dsym";
				GCC_DYNAMIC_NO_PIC = NO;
				GCC_OPTIMIZATION_LEVEL = 0;
				GCC_PRECOMPILE_PREFIX_HEADER = YES;
				GCC_WARN_ABOUT_MISSING_FIELD_INITIALIZERS = YES;
				GCC_WARN_ABOUT_MISSING_PROTOTYPES = YES;
				GCC_WARN_INITIALIZER_NOT_FULLY_BRACKETED = YES;
				GCC_WARN_SHADOW = YES;
				GCC_WARN_UNINITIALIZED_AUTOS = YES;
				GCC_WARN_UNKNOWN_PRAGMAS = YES;
				GCC_WARN_UNUSED_FUNCTION = YES;
				GCC_WARN_UNUSED_LABEL = YES;
				INFOPLIST_FILE = ButtonMadness/Info.plist;
				INSTALL_PATH = "$(HOME)/Applications";
				MACOSX_DEPLOYMENT_TARGET = 11.0;
				ONLY_ACTIVE_ARCH = YES;
				PRODUCT_BUNDLE_IDENTIFIER = "com.example.apple-samplecode.buttonmadness";
				PRODUCT_NAME = ButtonMadness;
				SDKROOT = macosx;
				WRAPPER_EXTENSION = app;
			};
			name = Debug;
		};
		C01FCF4C08A954540054247B /* Release */ = {
			isa = XCBuildConfiguration;
			buildSettings = {
				ASSETCATALOG_COMPILER_APPICON_NAME = AppIcon;
				CLANG_ENABLE_OBJC_ARC = YES;
				DEBUG_INFORMATION_FORMAT = "dwarf-with-dsym";
				GCC_GENERATE_DEBUGGING_SYMBOLS = NO;
				GCC_PRECOMPILE_PREFIX_HEADER = YES;
				GCC_WARN_ABOUT_MISSING_FIELD_INITIALIZERS = YES;
				GCC_WARN_ABOUT_MISSING_PROTOTYPES = YES;
				GCC_WARN_INITIALIZER_NOT_FULLY_BRACKETED = YES;
				GCC_WARN_SHADOW = YES;
				GCC_WARN_UNINITIALIZED_AUTOS = YES;
				GCC_WARN_UNKNOWN_PRAGMAS = YES;
				GCC_WARN_UNUSED_FUNCTION = YES;
				GCC_WARN_UNUSED_LABEL = YES;
				INFOPLIST_FILE = ButtonMadness/Info.plist;
				INSTALL_PATH = "$(HOME)/Applications";
				MACOSX_DEPLOYMENT_TARGET = 11.0;
				PRODUCT_BUNDLE_IDENTIFIER = "com.example.apple-samplecode.buttonmadness";
				PRODUCT_NAME = ButtonMadness;
				SDKROOT = macosx;
				WRAPPER_EXTENSION = app;
			};
			name = Release;
		};
		C01FCF4F08A954540054247B /* Debug */ = {
			isa = XCBuildConfiguration;
			buildSettings = {
				CLANG_ANALYZER_LOCALIZABILITY_NONLOCALIZED = YES;
				CLANG_ENABLE_MODULES = YES;
				CLANG_WARN_BLOCK_CAPTURE_AUTORELEASING = YES;
				CLANG_WARN_BOOL_CONVERSION = YES;
				CLANG_WARN_COMMA = YES;
				CLANG_WARN_CONSTANT_CONVERSION = YES;
				CLANG_WARN_EMPTY_BODY = YES;
				CLANG_WARN_ENUM_CONVERSION = YES;
				CLANG_WARN_INFINITE_RECURSION = YES;
				CLANG_WARN_INT_CONVERSION = YES;
				CLANG_WARN_NON_LITERAL_NULL_CONVERSION = YES;
				CLANG_WARN_OBJC_LITERAL_CONVERSION = YES;
				CLANG_WARN_RANGE_LOOP_ANALYSIS = YES;
				CLANG_WARN_STRICT_PROTOTYPES = YES;
				CLANG_WARN_SUSPICIOUS_MOVE = YES;
				CLANG_WARN_UNREACHABLE_CODE = YES;
				CLANG_WARN__DUPLICATE_METHOD_MATCH = YES;
				ENABLE_STRICT_OBJC_MSGSEND = YES;
				ENABLE_TESTABILITY = YES;
				GCC_NO_COMMON_BLOCKS = YES;
				GCC_WARN_64_TO_32_BIT_CONVERSION = YES;
				GCC_WARN_ABOUT_RETURN_TYPE = YES;
				GCC_WARN_INITIALIZER_NOT_FULLY_BRACKETED = YES;
				GCC_WARN_SHADOW = YES;
				GCC_WARN_SIGN_COMPARE = YES;
				GCC_WARN_UNDECLARED_SELECTOR = YES;
				GCC_WARN_UNINITIALIZED_AUTOS = YES;
				GCC_WARN_UNUSED_FUNCTION = YES;
				GCC_WARN_UNUSED_LABEL = YES;
				GCC_WARN_UNUSED_VARIABLE = YES;
				MACOSX_DEPLOYMENT_TARGET = 10.11;
				ONLY_ACTIVE_ARCH = YES;
				RUN_CLANG_STATIC_ANALYZER = YES;
				SDKROOT = macosx;
			};
			name = Debug;
		};
		C01FCF5008A954540054247B /* Release */ = {
			isa = XCBuildConfiguration;
			buildSettings = {
				CLANG_ANALYZER_LOCALIZABILITY_NONLOCALIZED = YES;
				CLANG_ENABLE_MODULES = YES;
				CLANG_WARN_BLOCK_CAPTURE_AUTORELEASING = YES;
				CLANG_WARN_BOOL_CONVERSION = YES;
				CLANG_WARN_COMMA = YES;
				CLANG_WARN_CONSTANT_CONVERSION = YES;
				CLANG_WARN_EMPTY_BODY = YES;
				CLANG_WARN_ENUM_CONVERSION = YES;
				CLANG_WARN_INFINITE_RECURSION = YES;
				CLANG_WARN_INT_CONVERSION = YES;
				CLANG_WARN_NON_LITERAL_NULL_CONVERSION = YES;
				CLANG_WARN_OBJC_LITERAL_CONVERSION = YES;
				CLANG_WARN_RANGE_LOOP_ANALYSIS = YES;
				CLANG_WARN_STRICT_PROTOTYPES = YES;
				CLANG_WARN_SUSPICIOUS_MOVE = YES;
				CLANG_WARN_UNREACHABLE_CODE = YES;
				CLANG_WARN__DUPLICATE_METHOD_MATCH = YES;
				ENABLE_STRICT_OBJC_MSGSEND = YES;
				GCC_NO_COMMON_BLOCKS = YES;
				GCC_WARN_64_TO_32_BIT_CONVERSION = YES;
				GCC_WARN_ABOUT_RETURN_TYPE = YES;
				GCC_WARN_INITIALIZER_NOT_FULLY_BRACKETED = YES;
				GCC_WARN_SHADOW = YES;
				GCC_WARN_SIGN_COMPARE = YES;
				GCC_WARN_UNDECLARED_SELECTOR = YES;
				GCC_WARN_UNINITIALIZED_AUTOS = YES;
				GCC_WARN_UNUSED_FUNCTION = YES;
				GCC_WARN_UNUSED_LABEL = YES;
				GCC_WARN_UNUSED_VARIABLE = YES;
				MACOSX_DEPLOYMENT_TARGET = 10.11;
				SDKROOT = macosx;
			};
			name = Release;
		};
/* End XCBuildConfiguration section */

/* Begin XCConfigurationList section */
		C01FCF4A08A954540054247B /* Build configuration list for PBXNativeTarget "ButtonMadness" */ = {
			isa = XCConfigurationList;
			buildConfigurations = (
				C01FCF4B08A954540054247B /* Debug */,
				C01FCF4C08A954540054247B /* Release */,
			);
			defaultConfigurationIsVisible = 0;
			defaultConfigurationName = Release;
		};
		C01FCF4E08A954540054247B /* Build configuration list for PBXProject "ButtonMadness" */ = {
			isa = XCConfigurationList;
			buildConfigurations = (
				C01FCF4F08A954540054247B /* Debug */,
				C01FCF5008A954540054247B /* Release */,
			);
			defaultConfigurationIsVisible = 0;
			defaultConfigurationName = Release;
		};
/* End XCConfigurationList section */
	};
	rootObject = 29B97313FDCFA39411CA2CEA /* Project object */;
}
